
Microsoft Visual Studio Solution File, Format Version 12.00
# Visual Studio Version 17
VisualStudioVersion = 17.7.34031.279
MinimumVisualStudioVersion = 10.0.40219.1
Project("{FAE04EC0-301F-11D3-BF4B-00C04F79EFBC}") = "ScreenSoudAPI", "ScreenSoudAPI\ScreenSoudAPI.csproj", "{191C4F21-5ECB-4AB3-ADB3-AA4FA3A020E6}"
EndProject
Global
	GlobalSection(SolutionConfigurationPlatforms) = preSolution
		Debug|Any CPU = Debug|Any CPU
		Release|Any CPU = Release|Any CPU
	EndGlobalSection
	GlobalSection(ProjectConfigurationPlatforms) = postSolution
		{191C4F21-5ECB-4AB3-ADB3-AA4FA3A020E6}.Debug|Any CPU.ActiveCfg = Debug|Any CPU
		{191C4F21-5ECB-4AB3-ADB3-AA4FA3A020E6}.Debug|Any CPU.Build.0 = Debug|Any CPU
		{191C4F21-5ECB-4AB3-ADB3-AA4FA3A020E6}.Release|Any CPU.ActiveCfg = Release|Any CPU
		{191C4F21-5ECB-4AB3-ADB3-AA4FA3A020E6}.Release|Any CPU.Build.0 = Release|Any CPU
	EndGlobalSection
	GlobalSection(SolutionProperties) = preSolution
		HideSolutionNode = FALSE
	EndGlobalSection
	GlobalSection(ExtensibilityGlobals) = postSolution
		SolutionGuid = {73A544D4-6082-4B6D-A2EB-F4AA6231D384}
	EndGlobalSection
EndGlobal
